
Microsoft Visual Studio Solution File, Format Version 12.00
Project("{2150E333-8FDC-42A3-9474-1A3956D46DE8}") = "PresentationLayer", "PresentationLayer", "{63C43C6D-5918-4000-8DA4-7AC92C037454}"
EndProject
Project("{2150E333-8FDC-42A3-9474-1A3956D46DE8}") = "ApplicationLayer", "ApplicationLayer", "{4B3FE942-E5CF-4D8A-8740-193B502AAB34}"
EndProject
Project("{2150E333-8FDC-42A3-9474-1A3956D46DE8}") = "InfrastructureLayer", "InfrastructureLayer", "{12099220-3C0F-44E8-9567-82B81AE618E1}"
EndProject
Project("{2150E333-8FDC-42A3-9474-1A3956D46DE8}") = "DomainLayer", "DomainLayer", "{1CD3FE9E-5F9C-4E56-8F53-E6B1563192AC}"
EndProject
Project("{FAE04EC0-301F-11D3-BF4B-00C04F79EFBC}") = "Notebook.ConsolePresentation", "Notebook.ConsolePresentation\Notebook.ConsolePresentation.csproj", "{CB464295-3FCA-4796-8890-38FADEBDA370}"
EndProject
Project("{FAE04EC0-301F-11D3-BF4B-00C04F79EFBC}") = "Notebook.Domain", "Notebook.Domain\Notebook.Domain.csproj", "{FEA3B890-4D4B-40D5-9465-D6977042E193}"
EndProject
Project("{FAE04EC0-301F-11D3-BF4B-00C04F79EFBC}") = "Notebook.DAL", "Notebook.DAL\Notebook.DAL.csproj", "{A6A13DE9-8F07-4F65-90BC-E00839FB2063}"
EndProject
Project("{FAE04EC0-301F-11D3-BF4B-00C04F79EFBC}") = "Notebook.Application", "Notebook.Application\Notebook.Application.csproj", "{C729D013-64EB-40CA-B48D-55D8C9A02A5B}"
EndProject
Project("{FAE04EC0-301F-11D3-BF4B-00C04F79EFBC}") = "Notebook.Common", "Notebook.Common\Notebook.Common.csproj", "{A5AEC7F2-0E09-4EE7-9B1A-56B79ACB05F0}"
EndProject
Global
	GlobalSection(SolutionConfigurationPlatforms) = preSolution
		Debug|Any CPU = Debug|Any CPU
		Release|Any CPU = Release|Any CPU
	EndGlobalSection
	GlobalSection(NestedProjects) = preSolution
		{FEA3B890-4D4B-40D5-9465-D6977042E193} = {1CD3FE9E-5F9C-4E56-8F53-E6B1563192AC}
		{A6A13DE9-8F07-4F65-90BC-E00839FB2063} = {12099220-3C0F-44E8-9567-82B81AE618E1}
		{CB464295-3FCA-4796-8890-38FADEBDA370} = {63C43C6D-5918-4000-8DA4-7AC92C037454}
		{C729D013-64EB-40CA-B48D-55D8C9A02A5B} = {4B3FE942-E5CF-4D8A-8740-193B502AAB34}
		{A5AEC7F2-0E09-4EE7-9B1A-56B79ACB05F0} = {12099220-3C0F-44E8-9567-82B81AE618E1}
	EndGlobalSection
	GlobalSection(ProjectConfigurationPlatforms) = postSolution
		{CB464295-3FCA-4796-8890-38FADEBDA370}.Debug|Any CPU.ActiveCfg = Debug|Any CPU
		{CB464295-3FCA-4796-8890-38FADEBDA370}.Debug|Any CPU.Build.0 = Debug|Any CPU
		{CB464295-3FCA-4796-8890-38FADEBDA370}.Release|Any CPU.ActiveCfg = Release|Any CPU
		{CB464295-3FCA-4796-8890-38FADEBDA370}.Release|Any CPU.Build.0 = Release|Any CPU
		{FEA3B890-4D4B-40D5-9465-D6977042E193}.Debug|Any CPU.ActiveCfg = Debug|Any CPU
		{FEA3B890-4D4B-40D5-9465-D6977042E193}.Debug|Any CPU.Build.0 = Debug|Any CPU
		{FEA3B890-4D4B-40D5-9465-D6977042E193}.Release|Any CPU.ActiveCfg = Release|Any CPU
		{FEA3B890-4D4B-40D5-9465-D6977042E193}.Release|Any CPU.Build.0 = Release|Any CPU
		{A6A13DE9-8F07-4F65-90BC-E00839FB2063}.Debug|Any CPU.ActiveCfg = Debug|Any CPU
		{A6A13DE9-8F07-4F65-90BC-E00839FB2063}.Debug|Any CPU.Build.0 = Debug|Any CPU
		{A6A13DE9-8F07-4F65-90BC-E00839FB2063}.Release|Any CPU.ActiveCfg = Release|Any CPU
		{A6A13DE9-8F07-4F65-90BC-E00839FB2063}.Release|Any CPU.Build.0 = Release|Any CPU
		{C729D013-64EB-40CA-B48D-55D8C9A02A5B}.Debug|Any CPU.ActiveCfg = Debug|Any CPU
		{C729D013-64EB-40CA-B48D-55D8C9A02A5B}.Debug|Any CPU.Build.0 = Debug|Any CPU
		{C729D013-64EB-40CA-B48D-55D8C9A02A5B}.Release|Any CPU.ActiveCfg = Release|Any CPU
		{C729D013-64EB-40CA-B48D-55D8C9A02A5B}.Release|Any CPU.Build.0 = Release|Any CPU
		{A5AEC7F2-0E09-4EE7-9B1A-56B79ACB05F0}.Debug|Any CPU.ActiveCfg = Debug|Any CPU
		{A5AEC7F2-0E09-4EE7-9B1A-56B79ACB05F0}.Debug|Any CPU.Build.0 = Debug|Any CPU
		{A5AEC7F2-0E09-4EE7-9B1A-56B79ACB05F0}.Release|Any CPU.ActiveCfg = Release|Any CPU
		{A5AEC7F2-0E09-4EE7-9B1A-56B79ACB05F0}.Release|Any CPU.Build.0 = Release|Any CPU
	EndGlobalSection
EndGlobal
